
Microsoft Visual Studio Solution File, Format Version 12.00
# Visual Studio Version 16
VisualStudioVersion = 16.0.29709.97
MinimumVisualStudioVersion = 10.0.40219.1
Project("{8BC9CEB8-8B4A-11D0-8D11-00A0C91BC942}") = "QuickPhotoMaker", "QuickPhotoMaker\QuickPhotoMaker.vcxproj", "{88FF3A96-4B24-4F8B-8DA9-BC1A3D0030C2}"
EndProject
Project("{8BC9CEB8-8B4A-11D0-8D11-00A0C91BC942}") = "metier", "metier\metier.vcxitems", "{5C2324C5-AE79-4825-9AF5-45886986FFA8}"
EndProject
Project("{8BC9CEB8-8B4A-11D0-8D11-00A0C91BC942}") = "AutoGenName1833f0a0537f4a608a66f41aec673acd", "..\..\..\AppData\Local\Temp\AutoGenName1833f0a0537f4a608a66f41aec673acd", "{D6D64777-C253-4B54-9B0E-5F2CB3A4F4DE}"
EndProject
Project("{8BC9CEB8-8B4A-11D0-8D11-00A0C91BC942}") = "dao", "dao\dao.vcxitems", "{7DC4F50B-C6D5-42BD-82F9-B489DCF63EDE}"
EndProject
Global
	GlobalSection(SharedMSBuildProjectFiles) = preSolution
		Metier\Metier.vcxitems*{5c2324c5-ae79-4825-9af5-45886986ffa8}*SharedItemsImports = 9
		dao\dao.vcxitems*{88ff3a96-4b24-4f8b-8da9-bc1a3d0030c2}*SharedItemsImports = 4
		Metier\Metier.vcxitems*{88ff3a96-4b24-4f8b-8da9-bc1a3d0030c2}*SharedItemsImports = 4
	EndGlobalSection
	GlobalSection(SolutionConfigurationPlatforms) = preSolution
		Debug|x64 = Debug|x64
		Debug|x86 = Debug|x86
		Release|x64 = Release|x64
		Release|x86 = Release|x86
	EndGlobalSection
	GlobalSection(ProjectConfigurationPlatforms) = postSolution
		{88FF3A96-4B24-4F8B-8DA9-BC1A3D0030C2}.Debug|x64.ActiveCfg = Debug|x64
		{88FF3A96-4B24-4F8B-8DA9-BC1A3D0030C2}.Debug|x64.Build.0 = Debug|x64
		{88FF3A96-4B24-4F8B-8DA9-BC1A3D0030C2}.Debug|x86.ActiveCfg = Debug|Win32
		{88FF3A96-4B24-4F8B-8DA9-BC1A3D0030C2}.Debug|x86.Build.0 = Debug|Win32
		{88FF3A96-4B24-4F8B-8DA9-BC1A3D0030C2}.Release|x64.ActiveCfg = Release|x64
		{88FF3A96-4B24-4F8B-8DA9-BC1A3D0030C2}.Release|x64.Build.0 = Release|x64
		{88FF3A96-4B24-4F8B-8DA9-BC1A3D0030C2}.Release|x86.ActiveCfg = Release|Win32
		{88FF3A96-4B24-4F8B-8DA9-BC1A3D0030C2}.Release|x86.Build.0 = Release|Win32
		{D6D64777-C253-4B54-9B0E-5F2CB3A4F4DE}.Debug|x64.ActiveCfg = Debug|Win32
		{D6D64777-C253-4B54-9B0E-5F2CB3A4F4DE}.Debug|x86.ActiveCfg = Debug|Win32
		{D6D64777-C253-4B54-9B0E-5F2CB3A4F4DE}.Debug|x86.Build.0 = Debug|Win32
		{D6D64777-C253-4B54-9B0E-5F2CB3A4F4DE}.Release|x64.ActiveCfg = Debug|Win32
		{D6D64777-C253-4B54-9B0E-5F2CB3A4F4DE}.Release|x64.Build.0 = Debug|Win32
		{D6D64777-C253-4B54-9B0E-5F2CB3A4F4DE}.Release|x86.ActiveCfg = Debug|Win32
		{D6D64777-C253-4B54-9B0E-5F2CB3A4F4DE}.Release|x86.Build.0 = Debug|Win32
	EndGlobalSection
	GlobalSection(SolutionProperties) = preSolution
		HideSolutionNode = FALSE
	EndGlobalSection
	GlobalSection(ExtensibilityGlobals) = postSolution
		SolutionGuid = {D4690C8E-03FA-4B1A-B5D4-9BE6271AC358}
	EndGlobalSection
EndGlobal
